
Microsoft Visual Studio Solution File, Format Version 10.00
# Visual Studio 2008
Project("{FAE04EC0-301F-11D3-BF4B-00C04F79EFBC}") = "catalogocine", "catalogocine\catalogocine.csproj", "{BFEF6F14-4C04-4CB8-A29F-45FD15A694AF}"
EndProject
Global
	GlobalSection(SolutionConfigurationPlatforms) = preSolution
		Debug|Any CPU = Debug|Any CPU
		Release|Any CPU = Release|Any CPU
	EndGlobalSection
	GlobalSection(ProjectConfigurationPlatforms) = postSolution
		{BFEF6F14-4C04-4CB8-A29F-45FD15A694AF}.Debug|Any CPU.ActiveCfg = Debug|Any CPU
		{BFEF6F14-4C04-4CB8-A29F-45FD15A694AF}.Debug|Any CPU.Build.0 = Debug|Any CPU
		{BFEF6F14-4C04-4CB8-A29F-45FD15A694AF}.Release|Any CPU.ActiveCfg = Release|Any CPU
		{BFEF6F14-4C04-4CB8-A29F-45FD15A694AF}.Release|Any CPU.Build.0 = Release|Any CPU
	EndGlobalSection
	GlobalSection(SolutionProperties) = preSolution
		HideSolutionNode = FALSE
	EndGlobalSection
EndGlobal
